{
  "name": "habit-tracker",
  "version": "1.0.0",
  "lockfileVersion": 3,
  "requires": true,
  "packages": {
    "": {
      "name": "habit-tracker",
      "version": "1.0.0",
      "license": "ISC",
      "devDependencies": {
        "contentext": "^0.1.1"
      }
    },
    "node_modules/commander": {
      "version": "8.3.0",
      "resolved": "https://registry.npmjs.org/commander/-/commander-8.3.0.tgz",
      "integrity": "sha512-OkTL9umf+He2DZkUq8f8J9of7yL6RJKI24dVITBmNfZBmri9zYZQrKkuXiKhyfPSu8tUhnVBB1iKXevvnlR4Ww==",
      "dev": true,
      "engines": {
        "node": ">= 12"
      }
    },
    "node_modules/contentext": {
      "version": "0.1.1",
      "resolved": "https://registry.npmjs.org/contentext/-/contentext-0.1.1.tgz",
      "integrity": "sha512-ZgQHJi6JBDOYg8+R2f5zrF4zHygKxtVxMrs5kDVfgx2mVgj2Lzg0znmax1L8/eYR2gkSAaMFg0+JXCVAe3HY3g==",
      "dev": true,
      "dependencies": {
        "commander": "^8.3.0",
        "ignore": "^5.2.4"
      },
      "bin": {
        "contentext": "src/cli.js"
      }
    },
    "node_modules/ignore": {
      "version": "5.2.4",
      "resolved": "https://registry.npmjs.org/ignore/-/ignore-5.2.4.tgz",
      "integrity": "sha512-MAb38BcSbH0eHNBxn7ql2NH/kX33OkB3lZ1BNdh7ENeRChHTYsTvWrMubiIAMNS2llXEEgZ1MUOBtXChP3kaFQ==",
      "dev": true,
      "engines": {
        "node": ">= 4"
      }
    }
  }
}
